
Microsoft Visual Studio Solution File, Format Version 12.00
# Visual Studio Version 17
VisualStudioVersion = 17.3.32922.545
MinimumVisualStudioVersion = 10.0.40219.1
Project("{9A19103F-16F7-4668-BE54-9A1E7A4F7556}") = "api_movimentoManual", "api_movimentoManual.csproj", "{A25CFBD2-49B5-4A61-94C6-86AB74DA803B}"
EndProject
Global
	GlobalSection(SolutionConfigurationPlatforms) = preSolution
		Debug|Any CPU = Debug|Any CPU
		Release|Any CPU = Release|Any CPU
	EndGlobalSection
	GlobalSection(ProjectConfigurationPlatforms) = postSolution
		{A25CFBD2-49B5-4A61-94C6-86AB74DA803B}.Debug|Any CPU.ActiveCfg = Debug|Any CPU
		{A25CFBD2-49B5-4A61-94C6-86AB74DA803B}.Debug|Any CPU.Build.0 = Debug|Any CPU
		{A25CFBD2-49B5-4A61-94C6-86AB74DA803B}.Release|Any CPU.ActiveCfg = Release|Any CPU
		{A25CFBD2-49B5-4A61-94C6-86AB74DA803B}.Release|Any CPU.Build.0 = Release|Any CPU
	EndGlobalSection
	GlobalSection(SolutionProperties) = preSolution
		HideSolutionNode = FALSE
	EndGlobalSection
	GlobalSection(ExtensibilityGlobals) = postSolution
		SolutionGuid = {AE7836FD-61B9-4666-AC1F-C2416FBCC2D0}
	EndGlobalSection
EndGlobal
